
Microsoft Visual Studio Solution File, Format Version 12.00
# Visual Studio Version 18
VisualStudioVersion = 18.6.11822.322
MinimumVisualStudioVersion = 10.0.40219.1
Project("{2150E333-8FDC-42A3-9474-1A3956D46DE8}") = "src", "src", "{2BFE5E49-115F-45B2-84C0-6B66D56A2ED6}"
EndProject
Project("{2150E333-8FDC-42A3-9474-1A3956D46DE8}") = "test", "test", "{78AC2399-C3F2-4CD0-8B88-ACE467B365AD}"
EndProject
Project("{9A19103F-16F7-4668-BE54-9A1E7A4F7556}") = "General.Backend.Domain", "General.Backend.Domain\General.Backend.Domain.csproj", "{7DC4DF15-903A-4CB1-B127-FAC8F7348150}"
EndProject
Project("{9A19103F-16F7-4668-BE54-9A1E7A4F7556}") = "General.Backend.Domain.Shared", "General.Backend.Domain.Shared\General.Backend.Domain.Shared.csproj", "{306814F9-7562-43FF-8516-712E39139463}"
EndProject
Project("{9A19103F-16F7-4668-BE54-9A1E7A4F7556}") = "General.Backend.EntityFrameworkCore", "General.Backend.EntityFrameworkCore\General.Backend.EntityFrameworkCore.csproj", "{5284085D-6F69-408A-A250-82F68A741387}"
EndProject
Project("{9A19103F-16F7-4668-BE54-9A1E7A4F7556}") = "General.Backend.Application", "General.Backend.Application\General.Backend.Application.csproj", "{962579BF-0D66-4ABB-8352-9C9B42997FBA}"
EndProject
Project("{9A19103F-16F7-4668-BE54-9A1E7A4F7556}") = "General.Backend.Application.Contracts", "General.Backend.Application.Contracts\General.Backend.Application.Contracts.csproj", "{260E5D86-2089-4AE6-9788-E66C72D7B81E}"
EndProject
Project("{9A19103F-16F7-4668-BE54-9A1E7A4F7556}") = "General.Backend.Application.Tests", "General.Backend.Application.Tests\General.Backend.Application.Tests.csproj", "{2845EDC8-74A7-40A6-9AA5-C9ED9CB36B73}"
EndProject
Project("{9A19103F-16F7-4668-BE54-9A1E7A4F7556}") = "General.Backend.TestBase", "General.Backend.TestBase\General.Backend.TestBase.csproj", "{D53CCED7-6BC9-4743-B592-3BC1820552FC}"
EndProject
Project("{9A19103F-16F7-4668-BE54-9A1E7A4F7556}") = "General.Backend.EntityFrameworkCore.Tests", "General.Backend.EntityFrameworkCore.Tests\General.Backend.EntityFrameworkCore.Tests.csproj", "{F953B8F0-E595-4F88-965F-7E6E95DC6C21}"
EndProject
Project("{9A19103F-16F7-4668-BE54-9A1E7A4F7556}") = "General.Backend.DbMigrator", "General.Backend.DbMigrator\General.Backend.DbMigrator.csproj", "{6F996809-B81B-4EB1-B4FC-19D1854BE28C}"
EndProject
Project("{FAE04EC0-301F-11D3-BF4B-00C04F79EFBC}") = "General.Backend.Web", "General.Backend.Web\General.Backend.Web.csproj", "{B792494F-6C4D-4F18-B63D-BEC8A6C85477}"
EndProject
Project("{2150E333-8FDC-42A3-9474-1A3956D46DE8}") = "Modules", "Modules", "{6D8AC023-6FA8-4C9A-A71C-66FF5D10E8D4}"
EndProject
Project("{2150E333-8FDC-42A3-9474-1A3956D46DE8}") = "Ftp", "Ftp", "{7C6B78EA-202B-4F4D-80BA-698D2BBA949F}"
EndProject
Project("{FAE04EC0-301F-11D3-BF4B-00C04F79EFBC}") = "General.Ftp", "Modules\Ftp\General.Ftp\General.Ftp.csproj", "{D7DA3B66-E3D7-46ED-8749-51C0A15E2D7E}"
EndProject
Project("{2150E333-8FDC-42A3-9474-1A3956D46DE8}") = "InformationCollection", "InformationCollection", "{1DA6F794-01B9-47F2-B182-9203DA4BA59E}"
EndProject
Project("{FAE04EC0-301F-11D3-BF4B-00C04F79EFBC}") = "General.InformationCollection.Domain", "Modules\InformationCollection\General.InformationCollection.Domain\General.InformationCollection.Domain.csproj", "{FAE61084-045B-4F44-99DE-A46BCC43663E}"
EndProject
Project("{FAE04EC0-301F-11D3-BF4B-00C04F79EFBC}") = "General.InformationCollection.Domain.Shared", "Modules\InformationCollection\General.InformationCollection.Domain.Shared\General.InformationCollection.Domain.Shared.csproj", "{E2D6E530-BEB3-4C84-84FA-02CD39B9CBEE}"
EndProject
Project("{FAE04EC0-301F-11D3-BF4B-00C04F79EFBC}") = "General.InformationCollection.EntityFrameworkCore", "Modules\InformationCollection\General.InformationCollection.EntityFrameworkCore\General.InformationCollection.EntityFrameworkCore.csproj", "{FA91F5A0-AA3A-41B5-A0E7-8BDA7307BE01}"
EndProject
Project("{FAE04EC0-301F-11D3-BF4B-00C04F79EFBC}") = "General.InformationCollection.Application", "Modules\InformationCollection\General.InformationCollection.Application\General.InformationCollection.Application.csproj", "{725CDA2C-2595-4035-8532-62CC0D31E251}"
EndProject
Project("{FAE04EC0-301F-11D3-BF4B-00C04F79EFBC}") = "General.InformationCollection.Application.Contracts", "Modules\InformationCollection\General.InformationCollection.Application.Contracts\General.InformationCollection.Application.Contracts.csproj", "{0CCD469F-0E38-4211-8675-280DF6FECF3D}"
EndProject
Project("{2150E333-8FDC-42A3-9474-1A3956D46DE8}") = "DynamicClient", "DynamicClient", "{2CFD0291-B81C-4C0D-A2A3-9B2D4CD9B241}"
EndProject
Project("{FAE04EC0-301F-11D3-BF4B-00C04F79EFBC}") = "General.DynamicClient", "Modules\DynamicClient\General.DynamicClient\General.DynamicClient.csproj", "{D42AE986-FD4D-4022-9537-6100E1955C40}"
EndProject
Project("{FAE04EC0-301F-11D3-BF4B-00C04F79EFBC}") = "General.DynamicClient.HttpApi.Client", "Modules\DynamicClient\General.DynamicClient.HttpApi.Client\General.DynamicClient.HttpApi.Client.csproj", "{54B0A520-03D1-4E2A-9D1F-B0D923B54836}"
EndProject
Project("{FAE04EC0-301F-11D3-BF4B-00C04F79EFBC}") = "General.Backend.HttpApi.Client", "General.Backend.HttpApi.Client\General.Backend.HttpApi.Client.csproj", "{BB650006-FEF6-4755-9E33-40A99F019523}"
EndProject
Project("{FAE04EC0-301F-11D3-BF4B-00C04F79EFBC}") = "General.Backend.HttpApi.StaticClient.WithContracts", "General.Backend.HttpApi.StaticClient.WithContracts\General.Backend.HttpApi.StaticClient.WithContracts.csproj", "{081E4BFA-4AE4-4FA0-9FB9-75384DB0E4C1}"
EndProject
Project("{2150E333-8FDC-42A3-9474-1A3956D46DE8}") = "StaticClientWithContracts", "StaticClientWithContracts", "{F5C32468-17E8-4BE3-96D3-8FAE3ECF40DF}"
EndProject
Project("{FAE04EC0-301F-11D3-BF4B-00C04F79EFBC}") = "General.StaticClient.WithContracts", "Modules\StaticClientWithContracts\General.StaticClient.WithContracts\General.StaticClient.WithContracts.csproj", "{EBC9EE33-4FBA-4113-93EC-BB40ED519C41}"
EndProject
Project("{FAE04EC0-301F-11D3-BF4B-00C04F79EFBC}") = "General.StaticClient.WithContracts.HttpApi.Client", "Modules\StaticClientWithContracts\General.StaticClient.WithContracts.HttpApi.Client\General.StaticClient.WithContracts.HttpApi.Client.csproj", "{4BD52511-E433-4F54-96A5-6C3FD5E8F7DD}"
EndProject
Project("{FAE04EC0-301F-11D3-BF4B-00C04F79EFBC}") = "General.Backend.HttpApi.StaticClient.WithoutContracts", "General.Backend.HttpApi.StaticClient.WithoutContracts\General.Backend.HttpApi.StaticClient.WithoutContracts.csproj", "{C059A9E0-B1FE-470F-ABDC-AF67F8637C87}"
EndProject
Project("{2150E333-8FDC-42A3-9474-1A3956D46DE8}") = "StaticClientWithoutContracts", "StaticClientWithoutContracts", "{2116BF9E-4144-44B7-87CE-80157A54FBEC}"
EndProject
Project("{FAE04EC0-301F-11D3-BF4B-00C04F79EFBC}") = "General.StaticClient.WithoutContracts", "Modules\StaticClientWithoutContracts\General.StaticClient.WithoutContracts\General.StaticClient.WithoutContracts.csproj", "{E8B82F5B-47F7-4682-88AA-95465118758C}"
EndProject
Project("{FAE04EC0-301F-11D3-BF4B-00C04F79EFBC}") = "General.StaticClient.WithoutContracts.HttpApi.Client", "Modules\StaticClientWithoutContracts\General.StaticClient.WithoutContracts.HttpApi.Client\General.StaticClient.WithoutContracts.HttpApi.Client.csproj", "{2232A505-F3E1-4E87-A27D-279D500EF983}"
EndProject
Global
	GlobalSection(SolutionConfigurationPlatforms) = preSolution
		Debug|Any CPU = Debug|Any CPU
		Release|Any CPU = Release|Any CPU
	EndGlobalSection
	GlobalSection(ProjectConfigurationPlatforms) = postSolution
		{7DC4DF15-903A-4CB1-B127-FAC8F7348150}.Debug|Any CPU.ActiveCfg = Debug|Any CPU
		{7DC4DF15-903A-4CB1-B127-FAC8F7348150}.Debug|Any CPU.Build.0 = Debug|Any CPU
		{7DC4DF15-903A-4CB1-B127-FAC8F7348150}.Release|Any CPU.ActiveCfg = Release|Any CPU
		{7DC4DF15-903A-4CB1-B127-FAC8F7348150}.Release|Any CPU.Build.0 = Release|Any CPU
		{306814F9-7562-43FF-8516-712E39139463}.Debug|Any CPU.ActiveCfg = Debug|Any CPU
		{306814F9-7562-43FF-8516-712E39139463}.Debug|Any CPU.Build.0 = Debug|Any CPU
		{306814F9-7562-43FF-8516-712E39139463}.Release|Any CPU.ActiveCfg = Release|Any CPU
		{306814F9-7562-43FF-8516-712E39139463}.Release|Any CPU.Build.0 = Release|Any CPU
		{5284085D-6F69-408A-A250-82F68A741387}.Debug|Any CPU.ActiveCfg = Debug|Any CPU
		{5284085D-6F69-408A-A250-82F68A741387}.Debug|Any CPU.Build.0 = Debug|Any CPU
		{5284085D-6F69-408A-A250-82F68A741387}.Release|Any CPU.ActiveCfg = Release|Any CPU
		{5284085D-6F69-408A-A250-82F68A741387}.Release|Any CPU.Build.0 = Release|Any CPU
		{962579BF-0D66-4ABB-8352-9C9B42997FBA}.Debug|Any CPU.ActiveCfg = Debug|Any CPU
		{962579BF-0D66-4ABB-8352-9C9B42997FBA}.Debug|Any CPU.Build.0 = Debug|Any CPU
		{962579BF-0D66-4ABB-8352-9C9B42997FBA}.Release|Any CPU.ActiveCfg = Release|Any CPU
		{962579BF-0D66-4ABB-8352-9C9B42997FBA}.Release|Any CPU.Build.0 = Release|Any CPU
		{260E5D86-2089-4AE6-9788-E66C72D7B81E}.Debug|Any CPU.ActiveCfg = Debug|Any CPU
		{260E5D86-2089-4AE6-9788-E66C72D7B81E}.Debug|Any CPU.Build.0 = Debug|Any CPU
		{260E5D86-2089-4AE6-9788-E66C72D7B81E}.Release|Any CPU.ActiveCfg = Release|Any CPU
		{260E5D86-2089-4AE6-9788-E66C72D7B81E}.Release|Any CPU.Build.0 = Release|Any CPU
		{2845EDC8-74A7-40A6-9AA5-C9ED9CB36B73}.Debug|Any CPU.ActiveCfg = Debug|Any CPU
		{2845EDC8-74A7-40A6-9AA5-C9ED9CB36B73}.Debug|Any CPU.Build.0 = Debug|Any CPU
		{2845EDC8-74A7-40A6-9AA5-C9ED9CB36B73}.Release|Any CPU.ActiveCfg = Release|Any CPU
		{2845EDC8-74A7-40A6-9AA5-C9ED9CB36B73}.Release|Any CPU.Build.0 = Release|Any CPU
		{D53CCED7-6BC9-4743-B592-3BC1820552FC}.Debug|Any CPU.ActiveCfg = Debug|Any CPU
		{D53CCED7-6BC9-4743-B592-3BC1820552FC}.Debug|Any CPU.Build.0 = Debug|Any CPU
		{D53CCED7-6BC9-4743-B592-3BC1820552FC}.Release|Any CPU.ActiveCfg = Release|Any CPU
		{D53CCED7-6BC9-4743-B592-3BC1820552FC}.Release|Any CPU.Build.0 = Release|Any CPU
		{F953B8F0-E595-4F88-965F-7E6E95DC6C21}.Debug|Any CPU.ActiveCfg = Debug|Any CPU
		{F953B8F0-E595-4F88-965F-7E6E95DC6C21}.Debug|Any CPU.Build.0 = Debug|Any CPU
		{F953B8F0-E595-4F88-965F-7E6E95DC6C21}.Release|Any CPU.ActiveCfg = Release|Any CPU
		{F953B8F0-E595-4F88-965F-7E6E95DC6C21}.Release|Any CPU.Build.0 = Release|Any CPU
		{6F996809-B81B-4EB1-B4FC-19D1854BE28C}.Debug|Any CPU.ActiveCfg = Debug|Any CPU
		{6F996809-B81B-4EB1-B4FC-19D1854BE28C}.Debug|Any CPU.Build.0 = Debug|Any CPU
		{6F996809-B81B-4EB1-B4FC-19D1854BE28C}.Release|Any CPU.ActiveCfg = Release|Any CPU
		{6F996809-B81B-4EB1-B4FC-19D1854BE28C}.Release|Any CPU.Build.0 = Release|Any CPU
		{B792494F-6C4D-4F18-B63D-BEC8A6C85477}.Debug|Any CPU.ActiveCfg = Debug|Any CPU
		{B792494F-6C4D-4F18-B63D-BEC8A6C85477}.Debug|Any CPU.Build.0 = Debug|Any CPU
		{B792494F-6C4D-4F18-B63D-BEC8A6C85477}.Release|Any CPU.ActiveCfg = Release|Any CPU
		{B792494F-6C4D-4F18-B63D-BEC8A6C85477}.Release|Any CPU.Build.0 = Release|Any CPU
		{D7DA3B66-E3D7-46ED-8749-51C0A15E2D7E}.Debug|Any CPU.ActiveCfg = Debug|Any CPU
		{D7DA3B66-E3D7-46ED-8749-51C0A15E2D7E}.Debug|Any CPU.Build.0 = Debug|Any CPU
		{D7DA3B66-E3D7-46ED-8749-51C0A15E2D7E}.Release|Any CPU.ActiveCfg = Release|Any CPU
		{D7DA3B66-E3D7-46ED-8749-51C0A15E2D7E}.Release|Any CPU.Build.0 = Release|Any CPU
		{FAE61084-045B-4F44-99DE-A46BCC43663E}.Debug|Any CPU.ActiveCfg = Debug|Any CPU
		{FAE61084-045B-4F44-99DE-A46BCC43663E}.Debug|Any CPU.Build.0 = Debug|Any CPU
		{FAE61084-045B-4F44-99DE-A46BCC43663E}.Release|Any CPU.ActiveCfg = Release|Any CPU
		{FAE61084-045B-4F44-99DE-A46BCC43663E}.Release|Any CPU.Build.0 = Release|Any CPU
		{E2D6E530-BEB3-4C84-84FA-02CD39B9CBEE}.Debug|Any CPU.ActiveCfg = Debug|Any CPU
		{E2D6E530-BEB3-4C84-84FA-02CD39B9CBEE}.Debug|Any CPU.Build.0 = Debug|Any CPU
		{E2D6E530-BEB3-4C84-84FA-02CD39B9CBEE}.Release|Any CPU.ActiveCfg = Release|Any CPU
		{E2D6E530-BEB3-4C84-84FA-02CD39B9CBEE}.Release|Any CPU.Build.0 = Release|Any CPU
		{FA91F5A0-AA3A-41B5-A0E7-8BDA7307BE01}.Debug|Any CPU.ActiveCfg = Debug|Any CPU
		{FA91F5A0-AA3A-41B5-A0E7-8BDA7307BE01}.Debug|Any CPU.Build.0 = Debug|Any CPU
		{FA91F5A0-AA3A-41B5-A0E7-8BDA7307BE01}.Release|Any CPU.ActiveCfg = Release|Any CPU
		{FA91F5A0-AA3A-41B5-A0E7-8BDA7307BE01}.Release|Any CPU.Build.0 = Release|Any CPU
		{725CDA2C-2595-4035-8532-62CC0D31E251}.Debug|Any CPU.ActiveCfg = Debug|Any CPU
		{725CDA2C-2595-4035-8532-62CC0D31E251}.Debug|Any CPU.Build.0 = Debug|Any CPU
		{725CDA2C-2595-4035-8532-62CC0D31E251}.Release|Any CPU.ActiveCfg = Release|Any CPU
		{725CDA2C-2595-4035-8532-62CC0D31E251}.Release|Any CPU.Build.0 = Release|Any CPU
		{0CCD469F-0E38-4211-8675-280DF6FECF3D}.Debug|Any CPU.ActiveCfg = Debug|Any CPU
		{0CCD469F-0E38-4211-8675-280DF6FECF3D}.Debug|Any CPU.Build.0 = Debug|Any CPU
		{0CCD469F-0E38-4211-8675-280DF6FECF3D}.Release|Any CPU.ActiveCfg = Release|Any CPU
		{0CCD469F-0E38-4211-8675-280DF6FECF3D}.Release|Any CPU.Build.0 = Release|Any CPU
		{D42AE986-FD4D-4022-9537-6100E1955C40}.Debug|Any CPU.ActiveCfg = Debug|Any CPU
		{D42AE986-FD4D-4022-9537-6100E1955C40}.Debug|Any CPU.Build.0 = Debug|Any CPU
		{D42AE986-FD4D-4022-9537-6100E1955C40}.Release|Any CPU.ActiveCfg = Release|Any CPU
		{D42AE986-FD4D-4022-9537-6100E1955C40}.Release|Any CPU.Build.0 = Release|Any CPU
		{54B0A520-03D1-4E2A-9D1F-B0D923B54836}.Debug|Any CPU.ActiveCfg = Debug|Any CPU
		{54B0A520-03D1-4E2A-9D1F-B0D923B54836}.Debug|Any CPU.Build.0 = Debug|Any CPU
		{54B0A520-03D1-4E2A-9D1F-B0D923B54836}.Release|Any CPU.ActiveCfg = Release|Any CPU
		{54B0A520-03D1-4E2A-9D1F-B0D923B54836}.Release|Any CPU.Build.0 = Release|Any CPU
		{BB650006-FEF6-4755-9E33-40A99F019523}.Debug|Any CPU.ActiveCfg = Debug|Any CPU
		{BB650006-FEF6-4755-9E33-40A99F019523}.Debug|Any CPU.Build.0 = Debug|Any CPU
		{BB650006-FEF6-4755-9E33-40A99F019523}.Release|Any CPU.ActiveCfg = Release|Any CPU
		{BB650006-FEF6-4755-9E33-40A99F019523}.Release|Any CPU.Build.0 = Release|Any CPU
		{081E4BFA-4AE4-4FA0-9FB9-75384DB0E4C1}.Debug|Any CPU.ActiveCfg = Debug|Any CPU
		{081E4BFA-4AE4-4FA0-9FB9-75384DB0E4C1}.Debug|Any CPU.Build.0 = Debug|Any CPU
		{081E4BFA-4AE4-4FA0-9FB9-75384DB0E4C1}.Release|Any CPU.ActiveCfg = Release|Any CPU
		{081E4BFA-4AE4-4FA0-9FB9-75384DB0E4C1}.Release|Any CPU.Build.0 = Release|Any CPU
		{EBC9EE33-4FBA-4113-93EC-BB40ED519C41}.Debug|Any CPU.ActiveCfg = Debug|Any CPU
		{EBC9EE33-4FBA-4113-93EC-BB40ED519C41}.Debug|Any CPU.Build.0 = Debug|Any CPU
		{EBC9EE33-4FBA-4113-93EC-BB40ED519C41}.Release|Any CPU.ActiveCfg = Release|Any CPU
		{EBC9EE33-4FBA-4113-93EC-BB40ED519C41}.Release|Any CPU.Build.0 = Release|Any CPU
		{4BD52511-E433-4F54-96A5-6C3FD5E8F7DD}.Debug|Any CPU.ActiveCfg = Debug|Any CPU
		{4BD52511-E433-4F54-96A5-6C3FD5E8F7DD}.Debug|Any CPU.Build.0 = Debug|Any CPU
		{4BD52511-E433-4F54-96A5-6C3FD5E8F7DD}.Release|Any CPU.ActiveCfg = Release|Any CPU
		{4BD52511-E433-4F54-96A5-6C3FD5E8F7DD}.Release|Any CPU.Build.0 = Release|Any CPU
		{C059A9E0-B1FE-470F-ABDC-AF67F8637C87}.Debug|Any CPU.ActiveCfg = Debug|Any CPU
		{C059A9E0-B1FE-470F-ABDC-AF67F8637C87}.Debug|Any CPU.Build.0 = Debug|Any CPU
		{C059A9E0-B1FE-470F-ABDC-AF67F8637C87}.Release|Any CPU.ActiveCfg = Release|Any CPU
		{C059A9E0-B1FE-470F-ABDC-AF67F8637C87}.Release|Any CPU.Build.0 = Release|Any CPU
		{E8B82F5B-47F7-4682-88AA-95465118758C}.Debug|Any CPU.ActiveCfg = Debug|Any CPU
		{E8B82F5B-47F7-4682-88AA-95465118758C}.Debug|Any CPU.Build.0 = Debug|Any CPU
		{E8B82F5B-47F7-4682-88AA-95465118758C}.Release|Any CPU.ActiveCfg = Release|Any CPU
		{E8B82F5B-47F7-4682-88AA-95465118758C}.Release|Any CPU.Build.0 = Release|Any CPU
		{2232A505-F3E1-4E87-A27D-279D500EF983}.Debug|Any CPU.ActiveCfg = Debug|Any CPU
		{2232A505-F3E1-4E87-A27D-279D500EF983}.Debug|Any CPU.Build.0 = Debug|Any CPU
		{2232A505-F3E1-4E87-A27D-279D500EF983}.Release|Any CPU.ActiveCfg = Release|Any CPU
		{2232A505-F3E1-4E87-A27D-279D500EF983}.Release|Any CPU.Build.0 = Release|Any CPU
	EndGlobalSection
	GlobalSection(SolutionProperties) = preSolution
		HideSolutionNode = FALSE
	EndGlobalSection
	GlobalSection(NestedProjects) = preSolution
		{7DC4DF15-903A-4CB1-B127-FAC8F7348150} = {2BFE5E49-115F-45B2-84C0-6B66D56A2ED6}
		{306814F9-7562-43FF-8516-712E39139463} = {2BFE5E49-115F-45B2-84C0-6B66D56A2ED6}
		{5284085D-6F69-408A-A250-82F68A741387} = {2BFE5E49-115F-45B2-84C0-6B66D56A2ED6}
		{962579BF-0D66-4ABB-8352-9C9B42997FBA} = {2BFE5E49-115F-45B2-84C0-6B66D56A2ED6}
		{260E5D86-2089-4AE6-9788-E66C72D7B81E} = {2BFE5E49-115F-45B2-84C0-6B66D56A2ED6}
		{2845EDC8-74A7-40A6-9AA5-C9ED9CB36B73} = {78AC2399-C3F2-4CD0-8B88-ACE467B365AD}
		{D53CCED7-6BC9-4743-B592-3BC1820552FC} = {78AC2399-C3F2-4CD0-8B88-ACE467B365AD}
		{F953B8F0-E595-4F88-965F-7E6E95DC6C21} = {78AC2399-C3F2-4CD0-8B88-ACE467B365AD}
		{6F996809-B81B-4EB1-B4FC-19D1854BE28C} = {2BFE5E49-115F-45B2-84C0-6B66D56A2ED6}
		{B792494F-6C4D-4F18-B63D-BEC8A6C85477} = {2BFE5E49-115F-45B2-84C0-6B66D56A2ED6}
		{6D8AC023-6FA8-4C9A-A71C-66FF5D10E8D4} = {2BFE5E49-115F-45B2-84C0-6B66D56A2ED6}
		{7C6B78EA-202B-4F4D-80BA-698D2BBA949F} = {6D8AC023-6FA8-4C9A-A71C-66FF5D10E8D4}
		{D7DA3B66-E3D7-46ED-8749-51C0A15E2D7E} = {7C6B78EA-202B-4F4D-80BA-698D2BBA949F}
		{1DA6F794-01B9-47F2-B182-9203DA4BA59E} = {6D8AC023-6FA8-4C9A-A71C-66FF5D10E8D4}
		{FAE61084-045B-4F44-99DE-A46BCC43663E} = {1DA6F794-01B9-47F2-B182-9203DA4BA59E}
		{E2D6E530-BEB3-4C84-84FA-02CD39B9CBEE} = {1DA6F794-01B9-47F2-B182-9203DA4BA59E}
		{FA91F5A0-AA3A-41B5-A0E7-8BDA7307BE01} = {1DA6F794-01B9-47F2-B182-9203DA4BA59E}
		{725CDA2C-2595-4035-8532-62CC0D31E251} = {1DA6F794-01B9-47F2-B182-9203DA4BA59E}
		{0CCD469F-0E38-4211-8675-280DF6FECF3D} = {1DA6F794-01B9-47F2-B182-9203DA4BA59E}
		{2CFD0291-B81C-4C0D-A2A3-9B2D4CD9B241} = {6D8AC023-6FA8-4C9A-A71C-66FF5D10E8D4}
		{D42AE986-FD4D-4022-9537-6100E1955C40} = {2CFD0291-B81C-4C0D-A2A3-9B2D4CD9B241}
		{54B0A520-03D1-4E2A-9D1F-B0D923B54836} = {2CFD0291-B81C-4C0D-A2A3-9B2D4CD9B241}
		{BB650006-FEF6-4755-9E33-40A99F019523} = {2BFE5E49-115F-45B2-84C0-6B66D56A2ED6}
		{081E4BFA-4AE4-4FA0-9FB9-75384DB0E4C1} = {2BFE5E49-115F-45B2-84C0-6B66D56A2ED6}
		{F5C32468-17E8-4BE3-96D3-8FAE3ECF40DF} = {6D8AC023-6FA8-4C9A-A71C-66FF5D10E8D4}
		{EBC9EE33-4FBA-4113-93EC-BB40ED519C41} = {F5C32468-17E8-4BE3-96D3-8FAE3ECF40DF}
		{4BD52511-E433-4F54-96A5-6C3FD5E8F7DD} = {F5C32468-17E8-4BE3-96D3-8FAE3ECF40DF}
		{C059A9E0-B1FE-470F-ABDC-AF67F8637C87} = {2BFE5E49-115F-45B2-84C0-6B66D56A2ED6}
		{2116BF9E-4144-44B7-87CE-80157A54FBEC} = {6D8AC023-6FA8-4C9A-A71C-66FF5D10E8D4}
		{E8B82F5B-47F7-4682-88AA-95465118758C} = {2116BF9E-4144-44B7-87CE-80157A54FBEC}
		{2232A505-F3E1-4E87-A27D-279D500EF983} = {2116BF9E-4144-44B7-87CE-80157A54FBEC}
	EndGlobalSection
	GlobalSection(ExtensibilityGlobals) = postSolution
		SolutionGuid = {35FF85DC-6C28-484B-9E0B-3F0CBD292C15}
	EndGlobalSection
EndGlobal
